
Microsoft Visual Studio Solution File, Format Version 12.00
# Visual Studio 15
VisualStudioVersion = 15.0.26124.0
MinimumVisualStudioVersion = 15.0.26124.0
Project("{FAE04EC0-301F-11D3-BF4B-00C04F79EFBC}") = "PinguimStore.Dominio", "PinguimStore.Dominio\PinguimStore.Dominio.csproj", "{9447CFCC-C31A-4B65-8B3F-DB267F08D164}"
EndProject
Project("{FAE04EC0-301F-11D3-BF4B-00C04F79EFBC}") = "PinguimStore.Repositorio", "PinguimStore.Repositorio\PinguimStore.Repositorio.csproj", "{1E7A040C-B6AB-494E-912B-6B69A3939413}"
EndProject
Project("{FAE04EC0-301F-11D3-BF4B-00C04F79EFBC}") = "PinguimStore.Web", "PinguimStore.Web\PinguimStore.Web.csproj", "{E5E43756-F83E-4283-B096-1E8CD9129EC4}"
EndProject
Global
	GlobalSection(SolutionConfigurationPlatforms) = preSolution
		Debug|Any CPU = Debug|Any CPU
		Debug|x64 = Debug|x64
		Debug|x86 = Debug|x86
		Release|Any CPU = Release|Any CPU
		Release|x64 = Release|x64
		Release|x86 = Release|x86
	EndGlobalSection
	GlobalSection(SolutionProperties) = preSolution
		HideSolutionNode = FALSE
	EndGlobalSection
	GlobalSection(ProjectConfigurationPlatforms) = postSolution
		{9447CFCC-C31A-4B65-8B3F-DB267F08D164}.Debug|Any CPU.ActiveCfg = Debug|Any CPU
		{9447CFCC-C31A-4B65-8B3F-DB267F08D164}.Debug|Any CPU.Build.0 = Debug|Any CPU
		{9447CFCC-C31A-4B65-8B3F-DB267F08D164}.Debug|x64.ActiveCfg = Debug|Any CPU
		{9447CFCC-C31A-4B65-8B3F-DB267F08D164}.Debug|x64.Build.0 = Debug|Any CPU
		{9447CFCC-C31A-4B65-8B3F-DB267F08D164}.Debug|x86.ActiveCfg = Debug|Any CPU
		{9447CFCC-C31A-4B65-8B3F-DB267F08D164}.Debug|x86.Build.0 = Debug|Any CPU
		{9447CFCC-C31A-4B65-8B3F-DB267F08D164}.Release|Any CPU.ActiveCfg = Release|Any CPU
		{9447CFCC-C31A-4B65-8B3F-DB267F08D164}.Release|Any CPU.Build.0 = Release|Any CPU
		{9447CFCC-C31A-4B65-8B3F-DB267F08D164}.Release|x64.ActiveCfg = Release|Any CPU
		{9447CFCC-C31A-4B65-8B3F-DB267F08D164}.Release|x64.Build.0 = Release|Any CPU
		{9447CFCC-C31A-4B65-8B3F-DB267F08D164}.Release|x86.ActiveCfg = Release|Any CPU
		{9447CFCC-C31A-4B65-8B3F-DB267F08D164}.Release|x86.Build.0 = Release|Any CPU
		{1E7A040C-B6AB-494E-912B-6B69A3939413}.Debug|Any CPU.ActiveCfg = Debug|Any CPU
		{1E7A040C-B6AB-494E-912B-6B69A3939413}.Debug|Any CPU.Build.0 = Debug|Any CPU
		{1E7A040C-B6AB-494E-912B-6B69A3939413}.Debug|x64.ActiveCfg = Debug|Any CPU
		{1E7A040C-B6AB-494E-912B-6B69A3939413}.Debug|x64.Build.0 = Debug|Any CPU
		{1E7A040C-B6AB-494E-912B-6B69A3939413}.Debug|x86.ActiveCfg = Debug|Any CPU
		{1E7A040C-B6AB-494E-912B-6B69A3939413}.Debug|x86.Build.0 = Debug|Any CPU
		{1E7A040C-B6AB-494E-912B-6B69A3939413}.Release|Any CPU.ActiveCfg = Release|Any CPU
		{1E7A040C-B6AB-494E-912B-6B69A3939413}.Release|Any CPU.Build.0 = Release|Any CPU
		{1E7A040C-B6AB-494E-912B-6B69A3939413}.Release|x64.ActiveCfg = Release|Any CPU
		{1E7A040C-B6AB-494E-912B-6B69A3939413}.Release|x64.Build.0 = Release|Any CPU
		{1E7A040C-B6AB-494E-912B-6B69A3939413}.Release|x86.ActiveCfg = Release|Any CPU
		{1E7A040C-B6AB-494E-912B-6B69A3939413}.Release|x86.Build.0 = Release|Any CPU
		{E5E43756-F83E-4283-B096-1E8CD9129EC4}.Debug|Any CPU.ActiveCfg = Debug|Any CPU
		{E5E43756-F83E-4283-B096-1E8CD9129EC4}.Debug|Any CPU.Build.0 = Debug|Any CPU
		{E5E43756-F83E-4283-B096-1E8CD9129EC4}.Debug|x64.ActiveCfg = Debug|Any CPU
		{E5E43756-F83E-4283-B096-1E8CD9129EC4}.Debug|x64.Build.0 = Debug|Any CPU
		{E5E43756-F83E-4283-B096-1E8CD9129EC4}.Debug|x86.ActiveCfg = Debug|Any CPU
		{E5E43756-F83E-4283-B096-1E8CD9129EC4}.Debug|x86.Build.0 = Debug|Any CPU
		{E5E43756-F83E-4283-B096-1E8CD9129EC4}.Release|Any CPU.ActiveCfg = Release|Any CPU
		{E5E43756-F83E-4283-B096-1E8CD9129EC4}.Release|Any CPU.Build.0 = Release|Any CPU
		{E5E43756-F83E-4283-B096-1E8CD9129EC4}.Release|x64.ActiveCfg = Release|Any CPU
		{E5E43756-F83E-4283-B096-1E8CD9129EC4}.Release|x64.Build.0 = Release|Any CPU
		{E5E43756-F83E-4283-B096-1E8CD9129EC4}.Release|x86.ActiveCfg = Release|Any CPU
		{E5E43756-F83E-4283-B096-1E8CD9129EC4}.Release|x86.Build.0 = Release|Any CPU
	EndGlobalSection
EndGlobal
